{
  "version": 4,
  "terraform_version": "1.5.7",
  "serial": 5,
  "lineage": "572e574b-ff95-3855-3120-112f4dae8d55",
  "outputs": {
    "app_pool_name": {
      "value": "application-pool",
      "type": "string"
    },
    "cluster_name": {
      "value": "my-gke-cluster",
      "type": "string"
    },
    "main_pool_name": {
      "value": "main-pool",
      "type": "string"
    }
  },
  "resources": [
    {
      "mode": "managed",
      "type": "google_container_cluster",
      "name": "primary",
      "provider": "provider[\"registry.terraform.io/hashicorp/google\"]",
      "instances": [
        {
          "schema_version": 2,
          "attributes": {
            "addons_config": [
              {
                "cloudrun_config": [],
                "config_connector_config": [],
                "dns_cache_config": [],
                "gce_persistent_disk_csi_driver_config": [
                  {
                    "enabled": true
                  }
                ],
                "gcp_filestore_csi_driver_config": [],
                "gcs_fuse_csi_driver_config": [],
                "gke_backup_agent_config": [],
                "horizontal_pod_autoscaling": [],
                "http_load_balancing": [],
                "network_policy_config": [
                  {
                    "disabled": true
                  }
                ],
                "ray_operator_config": [],
                "stateful_ha_config": []
              }
            ],
            "allow_net_admin": null,
            "authenticator_groups_config": [],
            "binary_authorization": [
              {
                "enabled": false,
                "evaluation_mode": ""
              }
            ],
            "cluster_autoscaling": [
              {
                "auto_provisioning_defaults": [],
                "auto_provisioning_locations": [],
                "autoscaling_profile": "BALANCED",
                "enabled": false,
                "resource_limits": []
              }
            ],
            "cluster_ipv4_cidr": "10.60.0.0/14",
            "confidential_nodes": [],
            "cost_management_config": [],
            "database_encryption": [
              {
                "key_name": "",
                "state": "DECRYPTED"
              }
            ],
            "datapath_provider": "",
            "default_max_pods_per_node": 110,
            "default_snat_status": [
              {
                "disabled": false
              }
            ],
            "deletion_protection": true,
            "description": "",
            "dns_config": [],
            "enable_autopilot": false,
            "enable_cilium_clusterwide_network_policy": false,
            "enable_intranode_visibility": false,
            "enable_k8s_beta_apis": [],
            "enable_kubernetes_alpha": false,
            "enable_l4_ilb_subsetting": false,
            "enable_legacy_abac": false,
            "enable_multi_networking": false,
            "enable_shielded_nodes": true,
            "enable_tpu": false,
            "endpoint": "35.195.224.96",
            "fleet": [],
            "gateway_api_config": [],
            "id": "projects/elif-452212/locations/europe-west1/clusters/my-gke-cluster",
            "identity_service_config": [],
            "initial_node_count": 1,
            "ip_allocation_policy": [
              {
                "additional_pod_ranges_config": [],
                "cluster_ipv4_cidr_block": "10.60.0.0/14",
                "cluster_secondary_range_name": "gke-my-gke-cluster-pods-55250f4a",
                "pod_cidr_overprovision_config": [
                  {
                    "disabled": false
                  }
                ],
                "services_ipv4_cidr_block": "34.118.224.0/20",
                "services_secondary_range_name": "",
                "stack_type": "IPV4"
              }
            ],
            "label_fingerprint": "a9dc16a7",
            "location": "europe-west1",
            "logging_config": [
              {
                "enable_components": []
              }
            ],
            "logging_service": "none",
            "maintenance_policy": [],
            "master_auth": [
              {
                "client_certificate": "",
                "client_certificate_config": [
                  {
                    "issue_client_certificate": false
                  }
                ],
                "client_key": "",
                "cluster_ca_certificate": "LS0tLS1CRUdJTiBDRVJUSUZJQ0FURS0tLS0tCk1JSUVMVENDQXBXZ0F3SUJBZ0lSQU1PeVVseTRQejArdjNqRE5tbU9MVjh3RFFZSktvWklodmNOQVFFTEJRQXcKTHpFdE1Dc0dBMVVFQXhNa09ETTNZMlE0TjJZdFkyVmlOUzAwWmpOaExUaGxNbVl0WVdJMU1EVTVOVEJpWkdVMwpNQ0FYRFRJMU1ESXlOekV5TVRVMU1Gb1lEekl3TlRVd01qSXdNVE14TlRVd1dqQXZNUzB3S3dZRFZRUURFeVE0Ck16ZGpaRGczWmkxalpXSTFMVFJtTTJFdE9HVXlaaTFoWWpVd05UazFNR0prWlRjd2dnR2lNQTBHQ1NxR1NJYjMKRFFFQkFRVUFBNElCandBd2dnR0tBb0lCZ1FEN1BMR2wrYytUOWI3UGV3a0dqbUxQMWpzM0w2RzBwNElIQTZMeApuekJONVdwNU9PaGY0YjV4NW53UnZ3eTJ2T0NDSlBockFLNTlldXZST3BkVDBVZGw5L09CK0U2dWRyaWZ5Y2VpCmZHWmMyS1g3V2hyVmljNFEwdU94emxudWMvTTQyaHlhYVp1eEVseWN2aHU3cFZBZW1hRTFUR2krd1BhTStkMVQKWDdKbzJ4bnlYNUZzYjA0Zkh0U1g2Tk41TE9OLzJDQlh3UmF4dXVDQkFTVFRiTDIwN2JQZGlROEIwOFUycGZJTwpqQUVNVWhnWnp2V2ovaWNBWTVjTjVmL0xINFcxZUo0NzlSTVk4UllKRFdPTm9kVmZBTlRDKzAvNTEyb0pOR3diCk94aXJHcnV1RFhXY2NybWk5K3R6TXJXWW1Tdyt3dmVJN3NpWTc5YTZOVjYrWm90MXRRSmJ3ZjI5Wm55TUh4TW0KVFEwbXlMQXMyaHZnTVk2RGZIb2l0NUo4YmNkTG04eUJ1ZFJZVWRmRjZEcHFmb2RRenlBNGhybFRmSmtwZHFCMQpjajBrSEVqRkFleW12aWJuNzlIVTI1NlQvNFdTTlgxSThFVW8zemtoVU1FVTlPbWV3cnVKNmkvR25hK2J5WlhRCm80U0hsM1JrbTh0SUpibk5sWUpXYmthWjI1VUNBd0VBQWFOQ01FQXdEZ1lEVlIwUEFRSC9CQVFEQWdJRU1BOEcKQTFVZEV3RUIvd1FGTUFNQkFmOHdIUVlEVlIwT0JCWUVGRjZxL0ZVaVBkMVFtakV2YkhaRGhOYjJkQjJjTUEwRwpDU3FHU0liM0RRRUJDd1VBQTRJQmdRQXNRRENGd1JVYzZwTmhXZDN2MzhEaXUxQ3JsN1N1MXB3dkw1RFFmYkd2CmlFUnBVRVNYbGNwSnVFMk5acnNmN2hjbVdTbm9hMkpxTDNqcDY5ZFR6VStoOExFWUJCTGRrRlV2RXRtQVkrNW0KZ0p0Vjl3NGxHUU1IcllyR3FWZmZVZXF4Uk0wQU93NHg1ZFIvSmNBeDRKWGdMbGFyMENaTXFvUTBESVUyc3VLZgpIbER2ejY5aVl4WmVYcVJUNFZGRVZteXF4V29od0dTc09vSU9ZeUlBRHBjOXdzV0g3QmNvaldobC94MzlhNlpFCjhRTWNXcG1SQzdRdGduY05jc2JpWUNyQTJwcDZrOEYybVk3T3pJUzUzTUI3NEhVdE9qMU0yTkZFYWg5K01MK0kKRHdwRmJpcTBYbHYwWTVTTXc2VG5xcXpidUROY1pUUnppVkFLQnI5YlZ5MWtnMjBnRklQZ1RndHp5RHFydy9sbwpZNUxFZVhYTjIzOVdNZUtQMzN2dG5XQk00ZU1WZVBEdUVYZGZwYjdpSXBDVDlzaHdCTUd0MFFBTXhoemROVFB2CnlnNnRqSCtRc2RzdVh4Rjc5SVRub2dmdS9LWndGTEd3SnVkWW5laTc4WFVGWXlDRXVsWm1rU2s4VXZVdkt5VHQKY0xmNURFNitBZXc0UzdJTlV2VEFRTGc9Ci0tLS0tRU5EIENFUlRJRklDQVRFLS0tLS0K"
              }
            ],
            "master_authorized_networks_config": [],
            "master_version": "1.31.5-gke.1068000",
            "mesh_certificates": [],
            "min_master_version": null,
            "monitoring_config": [
              {
                "advanced_datapath_observability_config": [
                  {
                    "enable_metrics": false,
                    "enable_relay": false,
                    "relay_mode": "DISABLED"
                  }
                ],
                "enable_components": [
                  "DAEMONSET",
                  "DEPLOYMENT",
                  "STATEFULSET",
                  "STORAGE",
                  "HPA",
                  "POD",
                  "CADVISOR",
                  "KUBELET"
                ],
                "managed_prometheus": [
                  {
                    "enabled": true
                  }
                ]
              }
            ],
            "monitoring_service": "none",
            "name": "my-gke-cluster",
            "network": "projects/elif-452212/global/networks/default",
            "network_policy": [
              {
                "enabled": false,
                "provider": "PROVIDER_UNSPECIFIED"
              }
            ],
            "networking_mode": "VPC_NATIVE",
            "node_config": [],
            "node_locations": [
              "europe-west1-b",
              "europe-west1-c",
              "europe-west1-d"
            ],
            "node_pool": [],
            "node_pool_auto_config": [],
            "node_pool_defaults": [
              {
                "node_config_defaults": [
                  {
                    "containerd_config": [],
                    "insecure_kubelet_readonly_port_enabled": "FALSE",
                    "logging_variant": "DEFAULT"
                  }
                ]
              }
            ],
            "node_version": "1.31.5-gke.1068000",
            "notification_config": [
              {
                "pubsub": [
                  {
                    "enabled": false,
                    "filter": [],
                    "topic": ""
                  }
                ]
              }
            ],
            "operation": null,
            "private_cluster_config": [
              {
                "enable_private_endpoint": false,
                "enable_private_nodes": false,
                "master_global_access_config": [
                  {
                    "enabled": false
                  }
                ],
                "master_ipv4_cidr_block": "",
                "peering_name": "",
                "private_endpoint": "10.132.0.2",
                "private_endpoint_subnetwork": "",
                "public_endpoint": "35.195.224.96"
              }
            ],
            "private_ipv6_google_access": "",
            "project": "elif-452212",
            "release_channel": [
              {
                "channel": "REGULAR"
              }
            ],
            "remove_default_node_pool": true,
            "resource_labels": null,
            "resource_usage_export_config": [],
            "security_posture_config": [
              {
                "mode": "BASIC",
                "vulnerability_mode": "VULNERABILITY_MODE_UNSPECIFIED"
              }
            ],
            "self_link": "https://container.googleapis.com/v1/projects/elif-452212/locations/europe-west1/clusters/my-gke-cluster",
            "service_external_ips_config": [
              {
                "enabled": false
              }
            ],
            "services_ipv4_cidr": "34.118.224.0/20",
            "subnetwork": "projects/elif-452212/regions/europe-west1/subnetworks/default",
            "timeouts": null,
            "tpu_ipv4_cidr_block": "",
            "vertical_pod_autoscaling": [],
            "workload_identity_config": []
          },
          "sensitive_attributes": [],
          "private": "eyJlMmJmYjczMC1lY2FhLTExZTYtOGY4OC0zNDM2M2JjN2M0YzAiOnsiY3JlYXRlIjoyNDAwMDAwMDAwMDAwLCJkZWxldGUiOjI0MDAwMDAwMDAwMDAsInJlYWQiOjI0MDAwMDAwMDAwMDAsInVwZGF0ZSI6MzYwMDAwMDAwMDAwMH0sInNjaGVtYV92ZXJzaW9uIjoiMiJ9"
        }
      ]
    },
    {
      "mode": "managed",
      "type": "google_container_node_pool",
      "name": "app_pool",
      "provider": "provider[\"registry.terraform.io/hashicorp/google\"]",
      "instances": [
        {
          "schema_version": 1,
          "attributes": {
            "autoscaling": [
              {
                "location_policy": "BALANCED",
                "max_node_count": 3,
                "min_node_count": 1,
                "total_max_node_count": 0,
                "total_min_node_count": 0
              }
            ],
            "cluster": "my-gke-cluster",
            "id": "projects/elif-452212/locations/europe-west1/clusters/my-gke-cluster/nodePools/application-pool",
            "initial_node_count": 0,
            "instance_group_urls": [
              "https://www.googleapis.com/compute/v1/projects/elif-452212/zones/europe-west1-d/instanceGroupManagers/gke-my-gke-cluster-application-pool-9d16be75-grp",
              "https://www.googleapis.com/compute/v1/projects/elif-452212/zones/europe-west1-b/instanceGroupManagers/gke-my-gke-cluster-application-pool-8048a802-grp",
              "https://www.googleapis.com/compute/v1/projects/elif-452212/zones/europe-west1-c/instanceGroupManagers/gke-my-gke-cluster-application-pool-d32ef5f3-grp"
            ],
            "location": "europe-west1",
            "managed_instance_group_urls": [
              "https://www.googleapis.com/compute/v1/projects/elif-452212/zones/europe-west1-d/instanceGroups/gke-my-gke-cluster-application-pool-9d16be75-grp",
              "https://www.googleapis.com/compute/v1/projects/elif-452212/zones/europe-west1-b/instanceGroups/gke-my-gke-cluster-application-pool-8048a802-grp",
              "https://www.googleapis.com/compute/v1/projects/elif-452212/zones/europe-west1-c/instanceGroups/gke-my-gke-cluster-application-pool-d32ef5f3-grp"
            ],
            "management": [
              {
                "auto_repair": true,
                "auto_upgrade": true
              }
            ],
            "max_pods_per_node": 110,
            "name": "application-pool",
            "name_prefix": "",
            "network_config": [
              {
                "additional_node_network_configs": [],
                "additional_pod_network_configs": [],
                "create_pod_range": false,
                "enable_private_nodes": false,
                "network_performance_config": [],
                "pod_cidr_overprovision_config": [],
                "pod_ipv4_cidr_block": "10.60.0.0/14",
                "pod_range": "gke-my-gke-cluster-pods-55250f4a"
              }
            ],
            "node_config": [
              {
                "advanced_machine_features": [],
                "boot_disk_kms_key": "",
                "confidential_nodes": [],
                "containerd_config": [],
                "disk_size_gb": 50,
                "disk_type": "pd-balanced",
                "effective_taints": [],
                "enable_confidential_storage": false,
                "ephemeral_storage_local_ssd_config": [],
                "fast_socket": [],
                "gcfs_config": [],
                "guest_accelerator": [],
                "gvnic": [],
                "host_maintenance_policy": [],
                "image_type": "COS_CONTAINERD",
                "kubelet_config": [
                  {
                    "cpu_cfs_quota": false,
                    "cpu_cfs_quota_period": "",
                    "cpu_manager_policy": "",
                    "insecure_kubelet_readonly_port_enabled": "TRUE",
                    "pod_pids_limit": 0
                  }
                ],
                "labels": {},
                "linux_node_config": [],
                "local_nvme_ssd_block_config": [],
                "local_ssd_count": 0,
                "logging_variant": "DEFAULT",
                "machine_type": "n2d-standard-2",
                "metadata": {
                  "disable-legacy-endpoints": "true"
                },
                "min_cpu_platform": "",
                "node_group": "",
                "oauth_scopes": [
                  "https://www.googleapis.com/auth/cloud-platform"
                ],
                "preemptible": false,
                "reservation_affinity": [],
                "resource_labels": {
                  "goog-gke-node-pool-provisioning-model": "on-demand"
                },
                "resource_manager_tags": null,
                "secondary_boot_disks": [],
                "service_account": "default",
                "shielded_instance_config": [
                  {
                    "enable_integrity_monitoring": true,
                    "enable_secure_boot": false
                  }
                ],
                "sole_tenant_config": [],
                "spot": false,
                "tags": null,
                "taint": [],
                "workload_metadata_config": []
              }
            ],
            "node_count": 0,
            "node_locations": [
              "europe-west1-b",
              "europe-west1-c",
              "europe-west1-d"
            ],
            "operation": null,
            "placement_policy": [],
            "project": "elif-452212",
            "queued_provisioning": [],
            "timeouts": null,
            "upgrade_settings": [
              {
                "blue_green_settings": [],
                "max_surge": 1,
                "max_unavailable": 0,
                "strategy": "SURGE"
              }
            ],
            "version": "1.31.5-gke.1068000"
          },
          "sensitive_attributes": [],
          "private": "eyJlMmJmYjczMC1lY2FhLTExZTYtOGY4OC0zNDM2M2JjN2M0YzAiOnsiY3JlYXRlIjoxODAwMDAwMDAwMDAwLCJkZWxldGUiOjE4MDAwMDAwMDAwMDAsInVwZGF0ZSI6MTgwMDAwMDAwMDAwMH0sInNjaGVtYV92ZXJzaW9uIjoiMSJ9",
          "dependencies": [
            "google_container_cluster.primary"
          ]
        }
      ]
    },
    {
      "mode": "managed",
      "type": "google_container_node_pool",
      "name": "main_pool",
      "provider": "provider[\"registry.terraform.io/hashicorp/google\"]",
      "instances": [
        {
          "schema_version": 1,
          "attributes": {
            "autoscaling": [],
            "cluster": "my-gke-cluster",
            "id": "projects/elif-452212/locations/europe-west1/clusters/my-gke-cluster/nodePools/main-pool",
            "initial_node_count": 1,
            "instance_group_urls": [
              "https://www.googleapis.com/compute/v1/projects/elif-452212/zones/europe-west1-d/instanceGroupManagers/gke-my-gke-cluster-main-pool-ece1fe96-grp",
              "https://www.googleapis.com/compute/v1/projects/elif-452212/zones/europe-west1-b/instanceGroupManagers/gke-my-gke-cluster-main-pool-3561942c-grp",
              "https://www.googleapis.com/compute/v1/projects/elif-452212/zones/europe-west1-c/instanceGroupManagers/gke-my-gke-cluster-main-pool-e8558207-grp"
            ],
            "location": "europe-west1",
            "managed_instance_group_urls": [
              "https://www.googleapis.com/compute/v1/projects/elif-452212/zones/europe-west1-d/instanceGroups/gke-my-gke-cluster-main-pool-ece1fe96-grp",
              "https://www.googleapis.com/compute/v1/projects/elif-452212/zones/europe-west1-b/instanceGroups/gke-my-gke-cluster-main-pool-3561942c-grp",
              "https://www.googleapis.com/compute/v1/projects/elif-452212/zones/europe-west1-c/instanceGroups/gke-my-gke-cluster-main-pool-e8558207-grp"
            ],
            "management": [
              {
                "auto_repair": true,
                "auto_upgrade": true
              }
            ],
            "max_pods_per_node": 110,
            "name": "main-pool",
            "name_prefix": "",
            "network_config": [
              {
                "additional_node_network_configs": [],
                "additional_pod_network_configs": [],
                "create_pod_range": false,
                "enable_private_nodes": false,
                "network_performance_config": [],
                "pod_cidr_overprovision_config": [],
                "pod_ipv4_cidr_block": "10.60.0.0/14",
                "pod_range": "gke-my-gke-cluster-pods-55250f4a"
              }
            ],
            "node_config": [
              {
                "advanced_machine_features": [],
                "boot_disk_kms_key": "",
                "confidential_nodes": [],
                "containerd_config": [],
                "disk_size_gb": 50,
                "disk_type": "pd-balanced",
                "effective_taints": [],
                "enable_confidential_storage": false,
                "ephemeral_storage_local_ssd_config": [],
                "fast_socket": [],
                "gcfs_config": [],
                "guest_accelerator": [],
                "gvnic": [],
                "host_maintenance_policy": [],
                "image_type": "COS_CONTAINERD",
                "kubelet_config": [
                  {
                    "cpu_cfs_quota": false,
                    "cpu_cfs_quota_period": "",
                    "cpu_manager_policy": "",
                    "insecure_kubelet_readonly_port_enabled": "TRUE",
                    "pod_pids_limit": 0
                  }
                ],
                "labels": {},
                "linux_node_config": [],
                "local_nvme_ssd_block_config": [],
                "local_ssd_count": 0,
                "logging_variant": "DEFAULT",
                "machine_type": "n2d-standard-2",
                "metadata": {
                  "disable-legacy-endpoints": "true"
                },
                "min_cpu_platform": "",
                "node_group": "",
                "oauth_scopes": [
                  "https://www.googleapis.com/auth/cloud-platform"
                ],
                "preemptible": false,
                "reservation_affinity": [],
                "resource_labels": {
                  "goog-gke-node-pool-provisioning-model": "on-demand"
                },
                "resource_manager_tags": null,
                "secondary_boot_disks": [],
                "service_account": "default",
                "shielded_instance_config": [
                  {
                    "enable_integrity_monitoring": true,
                    "enable_secure_boot": false
                  }
                ],
                "sole_tenant_config": [],
                "spot": false,
                "tags": null,
                "taint": [],
                "workload_metadata_config": []
              }
            ],
            "node_count": 1,
            "node_locations": [
              "europe-west1-b",
              "europe-west1-c",
              "europe-west1-d"
            ],
            "operation": null,
            "placement_policy": [],
            "project": "elif-452212",
            "queued_provisioning": [],
            "timeouts": null,
            "upgrade_settings": [
              {
                "blue_green_settings": [],
                "max_surge": 1,
                "max_unavailable": 0,
                "strategy": "SURGE"
              }
            ],
            "version": "1.31.5-gke.1068000"
          },
          "sensitive_attributes": [],
          "private": "eyJlMmJmYjczMC1lY2FhLTExZTYtOGY4OC0zNDM2M2JjN2M0YzAiOnsiY3JlYXRlIjoxODAwMDAwMDAwMDAwLCJkZWxldGUiOjE4MDAwMDAwMDAwMDAsInVwZGF0ZSI6MTgwMDAwMDAwMDAwMH0sInNjaGVtYV92ZXJzaW9uIjoiMSJ9",
          "dependencies": [
            "google_container_cluster.primary"
          ]
        }
      ]
    }
  ],
  "check_results": null
}
